
Microsoft Visual Studio Solution File, Format Version 12.00
# Visual Studio Version 16
VisualStudioVersion = 16.0.32126.315
MinimumVisualStudioVersion = 10.0.40219.1
Project("{FAE04EC0-301F-11D3-BF4B-00C04F79EFBC}") = "Goshenapp.Android", "Goshenapp\Goshenapp.Android\Goshenapp.Android.csproj", "{D8D9A2A4-D6D1-4814-B481-649ED5A5EEAE}"
EndProject
Project("{FAE04EC0-301F-11D3-BF4B-00C04F79EFBC}") = "Goshenapp.iOS", "Goshenapp\Goshenapp.iOS\Goshenapp.iOS.csproj", "{CC3A4777-DBEF-4EC3-8BE8-FF33C221EF9B}"
EndProject
Project("{FAE04EC0-301F-11D3-BF4B-00C04F79EFBC}") = "Goshenapp", "Goshenapp\Goshenapp\Goshenapp.csproj", "{AB596AC8-B7F2-42E1-9783-19AAB36579A7}"
EndProject
Global
	GlobalSection(SolutionConfigurationPlatforms) = preSolution
		Debug|Any CPU = Debug|Any CPU
		Debug|iPhone = Debug|iPhone
		Debug|iPhoneSimulator = Debug|iPhoneSimulator
		Release|Any CPU = Release|Any CPU
		Release|iPhone = Release|iPhone
		Release|iPhoneSimulator = Release|iPhoneSimulator
	EndGlobalSection
	GlobalSection(ProjectConfigurationPlatforms) = postSolution
		{D8D9A2A4-D6D1-4814-B481-649ED5A5EEAE}.Debug|Any CPU.ActiveCfg = Debug|Any CPU
		{D8D9A2A4-D6D1-4814-B481-649ED5A5EEAE}.Debug|Any CPU.Build.0 = Debug|Any CPU
		{D8D9A2A4-D6D1-4814-B481-649ED5A5EEAE}.Debug|Any CPU.Deploy.0 = Debug|Any CPU
		{D8D9A2A4-D6D1-4814-B481-649ED5A5EEAE}.Debug|iPhone.ActiveCfg = Debug|Any CPU
		{D8D9A2A4-D6D1-4814-B481-649ED5A5EEAE}.Debug|iPhone.Build.0 = Debug|Any CPU
		{D8D9A2A4-D6D1-4814-B481-649ED5A5EEAE}.Debug|iPhone.Deploy.0 = Debug|Any CPU
		{D8D9A2A4-D6D1-4814-B481-649ED5A5EEAE}.Debug|iPhoneSimulator.ActiveCfg = Debug|Any CPU
		{D8D9A2A4-D6D1-4814-B481-649ED5A5EEAE}.Debug|iPhoneSimulator.Build.0 = Debug|Any CPU
		{D8D9A2A4-D6D1-4814-B481-649ED5A5EEAE}.Debug|iPhoneSimulator.Deploy.0 = Debug|Any CPU
		{D8D9A2A4-D6D1-4814-B481-649ED5A5EEAE}.Release|Any CPU.ActiveCfg = Release|Any CPU
		{D8D9A2A4-D6D1-4814-B481-649ED5A5EEAE}.Release|Any CPU.Build.0 = Release|Any CPU
		{D8D9A2A4-D6D1-4814-B481-649ED5A5EEAE}.Release|Any CPU.Deploy.0 = Release|Any CPU
		{D8D9A2A4-D6D1-4814-B481-649ED5A5EEAE}.Release|iPhone.ActiveCfg = Release|Any CPU
		{D8D9A2A4-D6D1-4814-B481-649ED5A5EEAE}.Release|iPhone.Build.0 = Release|Any CPU
		{D8D9A2A4-D6D1-4814-B481-649ED5A5EEAE}.Release|iPhone.Deploy.0 = Release|Any CPU
		{D8D9A2A4-D6D1-4814-B481-649ED5A5EEAE}.Release|iPhoneSimulator.ActiveCfg = Release|Any CPU
		{D8D9A2A4-D6D1-4814-B481-649ED5A5EEAE}.Release|iPhoneSimulator.Build.0 = Release|Any CPU
		{D8D9A2A4-D6D1-4814-B481-649ED5A5EEAE}.Release|iPhoneSimulator.Deploy.0 = Release|Any CPU
		{CC3A4777-DBEF-4EC3-8BE8-FF33C221EF9B}.Debug|Any CPU.ActiveCfg = Debug|iPhone
		{CC3A4777-DBEF-4EC3-8BE8-FF33C221EF9B}.Debug|Any CPU.Build.0 = Debug|iPhone
		{CC3A4777-DBEF-4EC3-8BE8-FF33C221EF9B}.Debug|Any CPU.Deploy.0 = Debug|iPhone
		{CC3A4777-DBEF-4EC3-8BE8-FF33C221EF9B}.Debug|iPhone.ActiveCfg = Debug|iPhone
		{CC3A4777-DBEF-4EC3-8BE8-FF33C221EF9B}.Debug|iPhone.Build.0 = Debug|iPhone
		{CC3A4777-DBEF-4EC3-8BE8-FF33C221EF9B}.Debug|iPhone.Deploy.0 = Debug|iPhone
		{CC3A4777-DBEF-4EC3-8BE8-FF33C221EF9B}.Debug|iPhoneSimulator.ActiveCfg = Debug|iPhoneSimulator
		{CC3A4777-DBEF-4EC3-8BE8-FF33C221EF9B}.Debug|iPhoneSimulator.Build.0 = Debug|iPhoneSimulator
		{CC3A4777-DBEF-4EC3-8BE8-FF33C221EF9B}.Debug|iPhoneSimulator.Deploy.0 = Debug|iPhoneSimulator
		{CC3A4777-DBEF-4EC3-8BE8-FF33C221EF9B}.Release|Any CPU.ActiveCfg = Release|iPhoneSimulator
		{CC3A4777-DBEF-4EC3-8BE8-FF33C221EF9B}.Release|Any CPU.Build.0 = Release|iPhoneSimulator
		{CC3A4777-DBEF-4EC3-8BE8-FF33C221EF9B}.Release|Any CPU.Deploy.0 = Release|iPhoneSimulator
		{CC3A4777-DBEF-4EC3-8BE8-FF33C221EF9B}.Release|iPhone.ActiveCfg = Release|iPhone
		{CC3A4777-DBEF-4EC3-8BE8-FF33C221EF9B}.Release|iPhone.Build.0 = Release|iPhone
		{CC3A4777-DBEF-4EC3-8BE8-FF33C221EF9B}.Release|iPhone.Deploy.0 = Release|iPhone
		{CC3A4777-DBEF-4EC3-8BE8-FF33C221EF9B}.Release|iPhoneSimulator.ActiveCfg = Release|iPhoneSimulator
		{CC3A4777-DBEF-4EC3-8BE8-FF33C221EF9B}.Release|iPhoneSimulator.Build.0 = Release|iPhoneSimulator
		{CC3A4777-DBEF-4EC3-8BE8-FF33C221EF9B}.Release|iPhoneSimulator.Deploy.0 = Release|iPhoneSimulator
		{AB596AC8-B7F2-42E1-9783-19AAB36579A7}.Debug|Any CPU.ActiveCfg = Debug|Any CPU
		{AB596AC8-B7F2-42E1-9783-19AAB36579A7}.Debug|Any CPU.Build.0 = Debug|Any CPU
		{AB596AC8-B7F2-42E1-9783-19AAB36579A7}.Debug|Any CPU.Deploy.0 = Debug|Any CPU
		{AB596AC8-B7F2-42E1-9783-19AAB36579A7}.Debug|iPhone.ActiveCfg = Debug|Any CPU
		{AB596AC8-B7F2-42E1-9783-19AAB36579A7}.Debug|iPhone.Build.0 = Debug|Any CPU
		{AB596AC8-B7F2-42E1-9783-19AAB36579A7}.Debug|iPhone.Deploy.0 = Debug|Any CPU
		{AB596AC8-B7F2-42E1-9783-19AAB36579A7}.Debug|iPhoneSimulator.ActiveCfg = Debug|Any CPU
		{AB596AC8-B7F2-42E1-9783-19AAB36579A7}.Debug|iPhoneSimulator.Build.0 = Debug|Any CPU
		{AB596AC8-B7F2-42E1-9783-19AAB36579A7}.Debug|iPhoneSimulator.Deploy.0 = Debug|Any CPU
		{AB596AC8-B7F2-42E1-9783-19AAB36579A7}.Release|Any CPU.ActiveCfg = Release|Any CPU
		{AB596AC8-B7F2-42E1-9783-19AAB36579A7}.Release|Any CPU.Build.0 = Release|Any CPU
		{AB596AC8-B7F2-42E1-9783-19AAB36579A7}.Release|Any CPU.Deploy.0 = Release|Any CPU
		{AB596AC8-B7F2-42E1-9783-19AAB36579A7}.Release|iPhone.ActiveCfg = Release|Any CPU
		{AB596AC8-B7F2-42E1-9783-19AAB36579A7}.Release|iPhone.Build.0 = Release|Any CPU
		{AB596AC8-B7F2-42E1-9783-19AAB36579A7}.Release|iPhone.Deploy.0 = Release|Any CPU
		{AB596AC8-B7F2-42E1-9783-19AAB36579A7}.Release|iPhoneSimulator.ActiveCfg = Release|Any CPU
		{AB596AC8-B7F2-42E1-9783-19AAB36579A7}.Release|iPhoneSimulator.Build.0 = Release|Any CPU
		{AB596AC8-B7F2-42E1-9783-19AAB36579A7}.Release|iPhoneSimulator.Deploy.0 = Release|Any CPU
	EndGlobalSection
	GlobalSection(SolutionProperties) = preSolution
		HideSolutionNode = FALSE
	EndGlobalSection
	GlobalSection(ExtensibilityGlobals) = postSolution
		SolutionGuid = {FAC389CF-A714-41A6-A955-193D6EC2B3AF}
	EndGlobalSection
EndGlobal
